
Microsoft Visual Studio Solution File, Format Version 12.00
# Visual Studio Version 17
VisualStudioVersion = 17.2.32630.192
MinimumVisualStudioVersion = 10.0.40219.1
Project("{FAE04EC0-301F-11D3-BF4B-00C04F79EFBC}") = "Charlotte", "Charlotte.csproj", "{C5FBFAB6-7193-4456-970D-531E6FA00606}"
EndProject
Project("{9A19103F-16F7-4668-BE54-9A1E7A4F7556}") = "Router", "Router\Router.csproj", "{4E6BABF5-B885-43CA-A197-3C8F57EFF90C}"
EndProject
Project("{2150E333-8FDC-42A3-9474-1A3956D46DE8}") = "Solution Items", "Solution Items", "{B29D7F8F-EA14-4D50-A41C-4EB8CF990056}"
	ProjectSection(SolutionItems) = preProject
		.gitignore = .gitignore
	EndProjectSection
EndProject
Global
	GlobalSection(SolutionConfigurationPlatforms) = preSolution
		Debug|Any CPU = Debug|Any CPU
		Debug|x64 = Debug|x64
		Release|Any CPU = Release|Any CPU
		Release|x64 = Release|x64
	EndGlobalSection
	GlobalSection(ProjectConfigurationPlatforms) = postSolution
		{C5FBFAB6-7193-4456-970D-531E6FA00606}.Debug|Any CPU.ActiveCfg = Debug|x64
		{C5FBFAB6-7193-4456-970D-531E6FA00606}.Debug|Any CPU.Build.0 = Debug|x64
		{C5FBFAB6-7193-4456-970D-531E6FA00606}.Debug|x64.ActiveCfg = Debug|x64
		{C5FBFAB6-7193-4456-970D-531E6FA00606}.Debug|x64.Build.0 = Debug|x64
		{C5FBFAB6-7193-4456-970D-531E6FA00606}.Release|Any CPU.ActiveCfg = Release|x64
		{C5FBFAB6-7193-4456-970D-531E6FA00606}.Release|Any CPU.Build.0 = Release|x64
		{C5FBFAB6-7193-4456-970D-531E6FA00606}.Release|x64.ActiveCfg = Release|x64
		{C5FBFAB6-7193-4456-970D-531E6FA00606}.Release|x64.Build.0 = Release|x64
		{4E6BABF5-B885-43CA-A197-3C8F57EFF90C}.Debug|Any CPU.ActiveCfg = Debug|Any CPU
		{4E6BABF5-B885-43CA-A197-3C8F57EFF90C}.Debug|Any CPU.Build.0 = Debug|Any CPU
		{4E6BABF5-B885-43CA-A197-3C8F57EFF90C}.Debug|x64.ActiveCfg = Debug|Any CPU
		{4E6BABF5-B885-43CA-A197-3C8F57EFF90C}.Debug|x64.Build.0 = Debug|Any CPU
		{4E6BABF5-B885-43CA-A197-3C8F57EFF90C}.Release|Any CPU.ActiveCfg = Release|Any CPU
		{4E6BABF5-B885-43CA-A197-3C8F57EFF90C}.Release|Any CPU.Build.0 = Release|Any CPU
		{4E6BABF5-B885-43CA-A197-3C8F57EFF90C}.Release|x64.ActiveCfg = Release|Any CPU
		{4E6BABF5-B885-43CA-A197-3C8F57EFF90C}.Release|x64.Build.0 = Release|Any CPU
	EndGlobalSection
	GlobalSection(SolutionProperties) = preSolution
		HideSolutionNode = FALSE
	EndGlobalSection
	GlobalSection(ExtensibilityGlobals) = postSolution
		SolutionGuid = {91753784-1FEC-43E4-8644-63ABC632316F}
	EndGlobalSection
EndGlobal
